
Microsoft Visual Studio Solution File, Format Version 12.00
# Visual Studio Version 17
VisualStudioVersion = 17.14.36511.14
MinimumVisualStudioVersion = 10.0.40219.1
Project("{FAE04EC0-301F-11D3-BF4B-00C04F79EFBC}") = "SingleInstanceProgram", "SingleInstanceProgram\SingleInstanceProgram.csproj", "{B910E854-BD11-4D45-B487-5316997D2EFA}"
EndProject
Project("{FAE04EC0-301F-11D3-BF4B-00C04F79EFBC}") = "debug", "debug\debug.csproj", "{33CF33D4-7409-17B4-7DA2-24C0A453CE9F}"
EndProject
Global
	GlobalSection(SolutionConfigurationPlatforms) = preSolution
		Debug|Any CPU = Debug|Any CPU
		Release|Any CPU = Release|Any CPU
	EndGlobalSection
	GlobalSection(ProjectConfigurationPlatforms) = postSolution
		{B910E854-BD11-4D45-B487-5316997D2EFA}.Debug|Any CPU.ActiveCfg = Debug|Any CPU
		{B910E854-BD11-4D45-B487-5316997D2EFA}.Debug|Any CPU.Build.0 = Debug|Any CPU
		{B910E854-BD11-4D45-B487-5316997D2EFA}.Release|Any CPU.ActiveCfg = Release|Any CPU
		{B910E854-BD11-4D45-B487-5316997D2EFA}.Release|Any CPU.Build.0 = Release|Any CPU
		{33CF33D4-7409-17B4-7DA2-24C0A453CE9F}.Debug|Any CPU.ActiveCfg = Debug|Any CPU
		{33CF33D4-7409-17B4-7DA2-24C0A453CE9F}.Debug|Any CPU.Build.0 = Debug|Any CPU
		{33CF33D4-7409-17B4-7DA2-24C0A453CE9F}.Release|Any CPU.ActiveCfg = Release|Any CPU
		{33CF33D4-7409-17B4-7DA2-24C0A453CE9F}.Release|Any CPU.Build.0 = Release|Any CPU
	EndGlobalSection
	GlobalSection(SolutionProperties) = preSolution
		HideSolutionNode = FALSE
	EndGlobalSection
	GlobalSection(ExtensibilityGlobals) = postSolution
		SolutionGuid = {BCCEE827-17B4-4497-9A50-A0BDC7383CA6}
	EndGlobalSection
EndGlobal
